
Microsoft Visual Studio Solution File, Format Version 12.00
# Visual Studio Version 17
VisualStudioVersion = 17.5.33627.172
MinimumVisualStudioVersion = 10.0.40219.1
Project("{FAE04EC0-301F-11D3-BF4B-00C04F79EFBC}") = "Assignment3", "Assignment3\Assignment3.csproj", "{C80486EE-9348-4A26-8569-DD102DECA577}"
EndProject
Global
	GlobalSection(SolutionConfigurationPlatforms) = preSolution
		Debug|Any CPU = Debug|Any CPU
		Release|Any CPU = Release|Any CPU
	EndGlobalSection
	GlobalSection(ProjectConfigurationPlatforms) = postSolution
		{C80486EE-9348-4A26-8569-DD102DECA577}.Debug|Any CPU.ActiveCfg = Debug|Any CPU
		{C80486EE-9348-4A26-8569-DD102DECA577}.Debug|Any CPU.Build.0 = Debug|Any CPU
		{C80486EE-9348-4A26-8569-DD102DECA577}.Release|Any CPU.ActiveCfg = Release|Any CPU
		{C80486EE-9348-4A26-8569-DD102DECA577}.Release|Any CPU.Build.0 = Release|Any CPU
	EndGlobalSection
	GlobalSection(SolutionProperties) = preSolution
		HideSolutionNode = FALSE
	EndGlobalSection
	GlobalSection(ExtensibilityGlobals) = postSolution
		SolutionGuid = {4D1BDA59-7C06-4E61-959D-0D5EF1EF05C7}
	EndGlobalSection
EndGlobal
