
Microsoft Visual Studio Solution File, Format Version 12.00
# Visual Studio Version 17
VisualStudioVersion = 17.8.34330.188
MinimumVisualStudioVersion = 10.0.40219.1
Project("{FAE04EC0-301F-11D3-BF4B-00C04F79EFBC}") = "GiaiBT1", "GiaiBT1\GiaiBT1.csproj", "{63B99EFD-5E2E-4DAD-94E7-B0AA96561D6A}"
EndProject
Global
	GlobalSection(SolutionConfigurationPlatforms) = preSolution
		Debug|Any CPU = Debug|Any CPU
		Release|Any CPU = Release|Any CPU
	EndGlobalSection
	GlobalSection(ProjectConfigurationPlatforms) = postSolution
		{63B99EFD-5E2E-4DAD-94E7-B0AA96561D6A}.Debug|Any CPU.ActiveCfg = Debug|Any CPU
		{63B99EFD-5E2E-4DAD-94E7-B0AA96561D6A}.Debug|Any CPU.Build.0 = Debug|Any CPU
		{63B99EFD-5E2E-4DAD-94E7-B0AA96561D6A}.Release|Any CPU.ActiveCfg = Release|Any CPU
		{63B99EFD-5E2E-4DAD-94E7-B0AA96561D6A}.Release|Any CPU.Build.0 = Release|Any CPU
	EndGlobalSection
	GlobalSection(SolutionProperties) = preSolution
		HideSolutionNode = FALSE
	EndGlobalSection
	GlobalSection(ExtensibilityGlobals) = postSolution
		SolutionGuid = {45CE6619-D29D-4447-A2C0-DB8C4666A714}
	EndGlobalSection
EndGlobal
