
Microsoft Visual Studio Solution File, Format Version 12.00
# Visual Studio Version 17
VisualStudioVersion = 17.5.33627.172
MinimumVisualStudioVersion = 10.0.40219.1
Project("{FAE04EC0-301F-11D3-BF4B-00C04F79EFBC}") = "PRN_As3", "PRN_As3\PRN_As3.csproj", "{71B167E7-E5CB-4C76-8411-CBDD8487539D}"
EndProject
Global
	GlobalSection(SolutionConfigurationPlatforms) = preSolution
		Debug|Any CPU = Debug|Any CPU
		Release|Any CPU = Release|Any CPU
	EndGlobalSection
	GlobalSection(ProjectConfigurationPlatforms) = postSolution
		{71B167E7-E5CB-4C76-8411-CBDD8487539D}.Debug|Any CPU.ActiveCfg = Debug|Any CPU
		{71B167E7-E5CB-4C76-8411-CBDD8487539D}.Debug|Any CPU.Build.0 = Debug|Any CPU
		{71B167E7-E5CB-4C76-8411-CBDD8487539D}.Release|Any CPU.ActiveCfg = Release|Any CPU
		{71B167E7-E5CB-4C76-8411-CBDD8487539D}.Release|Any CPU.Build.0 = Release|Any CPU
	EndGlobalSection
	GlobalSection(SolutionProperties) = preSolution
		HideSolutionNode = FALSE
	EndGlobalSection
	GlobalSection(ExtensibilityGlobals) = postSolution
		SolutionGuid = {6B1A0B8D-C262-4800-A17F-EEDA947E6A41}
	EndGlobalSection
EndGlobal
