
Microsoft Visual Studio Solution File, Format Version 12.00
# Visual Studio Version 17
VisualStudioVersion = 17.8.34330.188
MinimumVisualStudioVersion = 10.0.40219.1
Project("{FAE04EC0-301F-11D3-BF4B-00C04F79EFBC}") = "GiaiBT2", "GiaiBT2\GiaiBT2.csproj", "{FB86ECFA-1464-455C-BBF6-6048D28CEF10}"
EndProject
Global
	GlobalSection(SolutionConfigurationPlatforms) = preSolution
		Debug|Any CPU = Debug|Any CPU
		Release|Any CPU = Release|Any CPU
	EndGlobalSection
	GlobalSection(ProjectConfigurationPlatforms) = postSolution
		{FB86ECFA-1464-455C-BBF6-6048D28CEF10}.Debug|Any CPU.ActiveCfg = Debug|Any CPU
		{FB86ECFA-1464-455C-BBF6-6048D28CEF10}.Debug|Any CPU.Build.0 = Debug|Any CPU
		{FB86ECFA-1464-455C-BBF6-6048D28CEF10}.Release|Any CPU.ActiveCfg = Release|Any CPU
		{FB86ECFA-1464-455C-BBF6-6048D28CEF10}.Release|Any CPU.Build.0 = Release|Any CPU
	EndGlobalSection
	GlobalSection(SolutionProperties) = preSolution
		HideSolutionNode = FALSE
	EndGlobalSection
	GlobalSection(ExtensibilityGlobals) = postSolution
		SolutionGuid = {55925050-3F06-4A77-884F-87806C2690D9}
	EndGlobalSection
EndGlobal
